
Microsoft Visual Studio Solution File, Format Version 12.00
# Visual Studio Version 17
VisualStudioVersion = 17.1.32421.90
MinimumVisualStudioVersion = 10.0.40219.1
Project("{8BC9CEB8-8B4A-11D0-8D11-00A0C91BC942}") = "Overlapped_IO", "Overlapped_IO\Overlapped_IO.vcxproj", "{D3E22D4E-B0C8-4176-9143-A36FAC16A9AF}"
EndProject
Project("{8BC9CEB8-8B4A-11D0-8D11-00A0C91BC942}") = "TCPstudy_server", "TCPstudy_server\TCPstudy_server.vcxproj", "{89F506BE-52F0-4AFD-8EE2-EEDF95F2A757}"
EndProject
Project("{8BC9CEB8-8B4A-11D0-8D11-00A0C91BC942}") = "TCPstudy_client", "TCPstudy_client\TCPstudy_client.vcxproj", "{2A2030A2-995A-4F77-B945-B8B98F6C2D25}"
EndProject
Global
	GlobalSection(SolutionConfigurationPlatforms) = preSolution
		Debug|x64 = Debug|x64
		Debug|x86 = Debug|x86
		Release|x64 = Release|x64
		Release|x86 = Release|x86
	EndGlobalSection
	GlobalSection(ProjectConfigurationPlatforms) = postSolution
		{D3E22D4E-B0C8-4176-9143-A36FAC16A9AF}.Debug|x64.ActiveCfg = Debug|x64
		{D3E22D4E-B0C8-4176-9143-A36FAC16A9AF}.Debug|x64.Build.0 = Debug|x64
		{D3E22D4E-B0C8-4176-9143-A36FAC16A9AF}.Debug|x86.ActiveCfg = Debug|Win32
		{D3E22D4E-B0C8-4176-9143-A36FAC16A9AF}.Debug|x86.Build.0 = Debug|Win32
		{D3E22D4E-B0C8-4176-9143-A36FAC16A9AF}.Release|x64.ActiveCfg = Release|x64
		{D3E22D4E-B0C8-4176-9143-A36FAC16A9AF}.Release|x64.Build.0 = Release|x64
		{D3E22D4E-B0C8-4176-9143-A36FAC16A9AF}.Release|x86.ActiveCfg = Release|Win32
		{D3E22D4E-B0C8-4176-9143-A36FAC16A9AF}.Release|x86.Build.0 = Release|Win32
		{89F506BE-52F0-4AFD-8EE2-EEDF95F2A757}.Debug|x64.ActiveCfg = Debug|x64
		{89F506BE-52F0-4AFD-8EE2-EEDF95F2A757}.Debug|x64.Build.0 = Debug|x64
		{89F506BE-52F0-4AFD-8EE2-EEDF95F2A757}.Debug|x86.ActiveCfg = Debug|Win32
		{89F506BE-52F0-4AFD-8EE2-EEDF95F2A757}.Debug|x86.Build.0 = Debug|Win32
		{89F506BE-52F0-4AFD-8EE2-EEDF95F2A757}.Release|x64.ActiveCfg = Release|x64
		{89F506BE-52F0-4AFD-8EE2-EEDF95F2A757}.Release|x64.Build.0 = Release|x64
		{89F506BE-52F0-4AFD-8EE2-EEDF95F2A757}.Release|x86.ActiveCfg = Release|Win32
		{89F506BE-52F0-4AFD-8EE2-EEDF95F2A757}.Release|x86.Build.0 = Release|Win32
		{2A2030A2-995A-4F77-B945-B8B98F6C2D25}.Debug|x64.ActiveCfg = Debug|x64
		{2A2030A2-995A-4F77-B945-B8B98F6C2D25}.Debug|x64.Build.0 = Debug|x64
		{2A2030A2-995A-4F77-B945-B8B98F6C2D25}.Debug|x86.ActiveCfg = Debug|Win32
		{2A2030A2-995A-4F77-B945-B8B98F6C2D25}.Debug|x86.Build.0 = Debug|Win32
		{2A2030A2-995A-4F77-B945-B8B98F6C2D25}.Release|x64.ActiveCfg = Release|x64
		{2A2030A2-995A-4F77-B945-B8B98F6C2D25}.Release|x64.Build.0 = Release|x64
		{2A2030A2-995A-4F77-B945-B8B98F6C2D25}.Release|x86.ActiveCfg = Release|Win32
		{2A2030A2-995A-4F77-B945-B8B98F6C2D25}.Release|x86.Build.0 = Release|Win32
	EndGlobalSection
	GlobalSection(SolutionProperties) = preSolution
		HideSolutionNode = FALSE
	EndGlobalSection
	GlobalSection(ExtensibilityGlobals) = postSolution
		SolutionGuid = {19416765-922C-4F10-B948-AAD04A75ABAD}
	EndGlobalSection
EndGlobal
